
Microsoft Visual Studio Solution File, Format Version 12.00
# Visual Studio 15
VisualStudioVersion = 15.0.27703.2042
MinimumVisualStudioVersion = 10.0.40219.1
Project("{FAE04EC0-301F-11D3-BF4B-00C04F79EFBC}") = "HaiwellClipboard", "HaiwellClipboard\HaiwellClipboard.csproj", "{512BCEBF-C103-4CCC-AEB5-A5FC10F54F5E}"
EndProject
Global
	GlobalSection(SolutionConfigurationPlatforms) = preSolution
		Debug|Any CPU = Debug|Any CPU
		Release|Any CPU = Release|Any CPU
	EndGlobalSection
	GlobalSection(ProjectConfigurationPlatforms) = postSolution
		{512BCEBF-C103-4CCC-AEB5-A5FC10F54F5E}.Debug|Any CPU.ActiveCfg = Debug|Any CPU
		{512BCEBF-C103-4CCC-AEB5-A5FC10F54F5E}.Debug|Any CPU.Build.0 = Debug|Any CPU
		{512BCEBF-C103-4CCC-AEB5-A5FC10F54F5E}.Release|Any CPU.ActiveCfg = Release|Any CPU
		{512BCEBF-C103-4CCC-AEB5-A5FC10F54F5E}.Release|Any CPU.Build.0 = Release|Any CPU
	EndGlobalSection
	GlobalSection(SolutionProperties) = preSolution
		HideSolutionNode = FALSE
	EndGlobalSection
	GlobalSection(ExtensibilityGlobals) = postSolution
		SolutionGuid = {DBF907C5-4611-41CC-AA85-C3B2FDF92349}
	EndGlobalSection
EndGlobal
